
Microsoft Visual Studio Solution File, Format Version 12.00
# Visual Studio Version 17
VisualStudioVersion = 17.5.33414.496
MinimumVisualStudioVersion = 10.0.40219.1
Project("{FAE04EC0-301F-11D3-BF4B-00C04F79EFBC}") = "Weather-Api", "Weather-Api\Weather-Api.csproj", "{EB9F28FC-A739-44F3-825F-9CC6BE452840}"
EndProject
Global
	GlobalSection(SolutionConfigurationPlatforms) = preSolution
		Debug|Any CPU = Debug|Any CPU
		Release|Any CPU = Release|Any CPU
	EndGlobalSection
	GlobalSection(ProjectConfigurationPlatforms) = postSolution
		{EB9F28FC-A739-44F3-825F-9CC6BE452840}.Debug|Any CPU.ActiveCfg = Debug|Any CPU
		{EB9F28FC-A739-44F3-825F-9CC6BE452840}.Debug|Any CPU.Build.0 = Debug|Any CPU
		{EB9F28FC-A739-44F3-825F-9CC6BE452840}.Release|Any CPU.ActiveCfg = Release|Any CPU
		{EB9F28FC-A739-44F3-825F-9CC6BE452840}.Release|Any CPU.Build.0 = Release|Any CPU
	EndGlobalSection
	GlobalSection(SolutionProperties) = preSolution
		HideSolutionNode = FALSE
	EndGlobalSection
	GlobalSection(ExtensibilityGlobals) = postSolution
		SolutionGuid = {C3F171F2-033B-4A30-8D80-502ED5A979E0}
	EndGlobalSection
EndGlobal
